
Microsoft Visual Studio Solution File, Format Version 12.00
# Visual Studio 15
VisualStudioVersion = 15.0.27130.2036
MinimumVisualStudioVersion = 10.0.40219.1
Project("{FAE04EC0-301F-11D3-BF4B-00C04F79EFBC}") = "ChessMates", "ChessMates\ChessMates.csproj", "{A8F79448-5A5F-4E09-9386-63FB4174033C}"
EndProject
Project("{FAE04EC0-301F-11D3-BF4B-00C04F79EFBC}") = "ChessMates.Tests", "ChessMates.Tests\ChessMates.Tests.csproj", "{CF951B2D-9437-4F69-9FF4-A60131955621}"
EndProject
Global
	GlobalSection(SolutionConfigurationPlatforms) = preSolution
		Debug|Any CPU = Debug|Any CPU
		Release|Any CPU = Release|Any CPU
	EndGlobalSection
	GlobalSection(ProjectConfigurationPlatforms) = postSolution
		{A8F79448-5A5F-4E09-9386-63FB4174033C}.Debug|Any CPU.ActiveCfg = Debug|Any CPU
		{A8F79448-5A5F-4E09-9386-63FB4174033C}.Debug|Any CPU.Build.0 = Debug|Any CPU
		{A8F79448-5A5F-4E09-9386-63FB4174033C}.Release|Any CPU.ActiveCfg = Release|Any CPU
		{A8F79448-5A5F-4E09-9386-63FB4174033C}.Release|Any CPU.Build.0 = Release|Any CPU
		{CF951B2D-9437-4F69-9FF4-A60131955621}.Debug|Any CPU.ActiveCfg = Debug|Any CPU
		{CF951B2D-9437-4F69-9FF4-A60131955621}.Debug|Any CPU.Build.0 = Debug|Any CPU
		{CF951B2D-9437-4F69-9FF4-A60131955621}.Release|Any CPU.ActiveCfg = Release|Any CPU
		{CF951B2D-9437-4F69-9FF4-A60131955621}.Release|Any CPU.Build.0 = Release|Any CPU
	EndGlobalSection
	GlobalSection(SolutionProperties) = preSolution
		HideSolutionNode = FALSE
	EndGlobalSection
	GlobalSection(ExtensibilityGlobals) = postSolution
		SolutionGuid = {84CF4F83-3B09-4B64-9A5C-28E2B953B05A}
	EndGlobalSection
EndGlobal
